<?xml version="1.0" encoding="utf-8"?>
<Project ToolsVersion="4.0" xmlns="http://schemas.microsoft.com/developer/msbuild/2003">
  <ItemGroup>
    <Filter Include="Source Files">
      <UniqueIdentifier>{4FC737F1-C7A5-4376-A066-2A32D752A2FF}</UniqueIdentifier>
      <Extensions>cpp;c;cc;cxx;c++;cppm;ixx;def;odl;idl;hpj;bat;asm;asmx</Extensions>
    </Filter>
    <Filter Include="Source Files\dir">
      <UniqueIdentifier>{76a9fe01-5808-4b73-9c00-a3534f386b84}</UniqueIdentifier>
    </Filter>
    <Filter Include="Source Files\io">
      <UniqueIdentifier>{dad3fcdc-e72e-4252-a077-1436e46af520}</UniqueIdentifier>
    </Filter>
    <Filter Include="Source Files\os">
      <UniqueIdentifier>{81c94ffa-71ae-48da-a1b6-52e5ea869847}</UniqueIdentifier>
    </Filter>
    <Filter Include="Source Files\strutil">
      <UniqueIdentifier>{36c895d8-7b6b-44ed-bd2d-c85cdbeb1df9}</UniqueIdentifier>
    </Filter>
    <Filter Include="Source Files\testing">
      <UniqueIdentifier>{a017eb60-282d-444a-92d0-e0e832a530d8}</UniqueIdentifier>
    </Filter>
    <Filter Include="Source Files\os\windows">
      <UniqueIdentifier>{ca64a75e-a472-49d9-b0f2-bb318e0303d8}</UniqueIdentifier>
    </Filter>
    <Filter Include="Source Files\os\linux">
      <UniqueIdentifier>{65ce7cec-ee33-4464-b70b-001caa45cd06}</UniqueIdentifier>
    </Filter>
    <Filter Include="Source Files\async">
      <UniqueIdentifier>{db1267d2-d6ca-4319-b86c-b1d49e31bc2e}</UniqueIdentifier>
    </Filter>
    <Filter Include="Source Files\io\windows">
      <UniqueIdentifier>{72d3bd65-bdd6-45e6-a7af-7f42de56d5df}</UniqueIdentifier>
    </Filter>
    <Filter Include="Source Files\io\linux">
      <UniqueIdentifier>{399f0ff8-40cb-420e-b19d-8d5c579311fc}</UniqueIdentifier>
    </Filter>
  </ItemGroup>
  <ItemGroup>
    <ClCompile Include="src\concepts.cppm">
      <Filter>Source Files</Filter>
    </ClCompile>
    <ClCompile Include="src\gstd.cppm">
      <Filter>Source Files</Filter>
    </ClCompile>
    <ClCompile Include="src\string.cppm">
      <Filter>Source Files</Filter>
    </ClCompile>
    <ClCompile Include="src\co\channel.cppm">
      <Filter>Source Files\async</Filter>
    </ClCompile>
    <ClCompile Include="src\co\sequence.cppm">
      <Filter>Source Files\async</Filter>
    </ClCompile>
    <ClCompile Include="src\co\task.cppm">
      <Filter>Source Files\async</Filter>
    </ClCompile>
    <ClCompile Include="src\co\thread_pool.cppm">
      <Filter>Source Files\async</Filter>
    </ClCompile>
    <ClCompile Include="src\dir\list_dir.cppm">
      <Filter>Source Files\dir</Filter>
    </ClCompile>
    <ClCompile Include="src\dir\path.cppm">
      <Filter>Source Files\dir</Filter>
    </ClCompile>
    <ClCompile Include="src\io\LineReader.cppm">
      <Filter>Source Files\io</Filter>
    </ClCompile>
    <ClCompile Include="src\io\LineWriter.cppm">
      <Filter>Source Files\io</Filter>
    </ClCompile>
    <ClCompile Include="src\io\Reader.cppm">
      <Filter>Source Files\io</Filter>
    </ClCompile>
    <ClCompile Include="src\io\sync_console_writer.cppm">
      <Filter>Source Files\io</Filter>
    </ClCompile>
    <ClCompile Include="src\io\Writer.cppm">
      <Filter>Source Files\io</Filter>
    </ClCompile>
    <ClCompile Include="src\testing\registry.cppm">
      <Filter>Source Files\testing</Filter>
    </ClCompile>
    <ClCompile Include="src\testing\testing.cppm">
      <Filter>Source Files\testing</Filter>
    </ClCompile>
    <ClCompile Include="src\strconv\strconv.cppm">
      <Filter>Source Files\strutil</Filter>
    </ClCompile>
    <ClCompile Include="src\strutil\lines.cppm">
      <Filter>Source Files\strutil</Filter>
    </ClCompile>
    <ClCompile Include="src\strutil\string_reader.cppm">
      <Filter>Source Files\strutil</Filter>
    </ClCompile>
    <ClCompile Include="src\strutil\string_writer.cppm">
      <Filter>Source Files\strutil</Filter>
    </ClCompile>
    <ClCompile Include="src\strutil\utf8.cppm">
      <Filter>Source Files\strutil</Filter>
    </ClCompile>
    <ClCompile Include="src\os\exec.cppm">
      <Filter>Source Files\os</Filter>
    </ClCompile>
    <ClCompile Include="src\os\windows\get_last_error.cppm">
      <Filter>Source Files\os\windows</Filter>
    </ClCompile>
    <ClCompile Include="src\os\linux\get_last_error.cppm">
      <Filter>Source Files\os\linux</Filter>
    </ClCompile>
    <ClCompile Include="src\io\linux\file_impl.cppm">
      <Filter>Source Files\io\linux</Filter>
    </ClCompile>
    <ClCompile Include="src\io\linux\pipes_impl.cppm">
      <Filter>Source Files\io\linux</Filter>
    </ClCompile>
    <ClCompile Include="src\io\windows\file_impl.cppm">
      <Filter>Source Files\io\windows</Filter>
    </ClCompile>
    <ClCompile Include="src\io\windows\pipes_impl.cppm">
      <Filter>Source Files\io\windows</Filter>
    </ClCompile>
    <ClCompile Include="src\io\file.cppm">
      <Filter>Source Files\io</Filter>
    </ClCompile>
    <ClCompile Include="src\io\pipes.cppm">
      <Filter>Source Files\io</Filter>
    </ClCompile>
    <ClCompile Include="src\io\read_file.cppm">
      <Filter>Source Files\io</Filter>
    </ClCompile>
    <ClCompile Include="src\io\read_lines.cppm">
      <Filter>Source Files\io</Filter>
    </ClCompile>
    <ClCompile Include="src\io\read_text.cppm">
      <Filter>Source Files\io</Filter>
    </ClCompile>
    <ClCompile Include="src\io\write_text.cppm">
      <Filter>Source Files\io</Filter>
    </ClCompile>
    <ClCompile Include="src\os\linux\exec_impl.cppm">
      <Filter>Source Files\os\linux</Filter>
    </ClCompile>
    <ClCompile Include="src\os\windows\exec_impl.cppm">
      <Filter>Source Files\os\windows</Filter>
    </ClCompile>
  </ItemGroup>
</Project>